// !$*UTF8*$!
{
	archiveVersion = 1;
	classes = {
	};
	objectVersion = 55;
	objects = {

/* Begin PBXBuildFile section */
		BC1DCB1A2980B7F400A4EBF5 /* SettingsButton.swift in Sources */ = {isa = PBXBuildFile; fileRef = BC1DCB192980B7F300A4EBF5 /* SettingsButton.swift */; };
		BC1DCB1E2980BCE000A4EBF5 /* Header.swift in Sources */ = {isa = PBXBuildFile; fileRef = BC1DCB1D2980BCE000A4EBF5 /* Header.swift */; };
		BC1DCB212980EF9A00A4EBF5 /* Card.swift in Sources */ = {isa = PBXBuildFile; fileRef = BC1DCB202980EF9A00A4EBF5 /* Card.swift */; };
		BC1DCB232982408600A4EBF5 /* DateManager.swift in Sources */ = {isa = PBXBuildFile; fileRef = BC1DCB222982408600A4EBF5 /* DateManager.swift */; };
		BC2EBCBF2973C0FC0011F132 /* DeadlineApp.swift in Sources */ = {isa = PBXBuildFile; fileRef = BC2EBCBE2973C0FC0011F132 /* DeadlineApp.swift */; };
		BC2EBCC12973C0FC0011F132 /* ContentView.swift in Sources */ = {isa = PBXBuildFile; fileRef = BC2EBCC02973C0FC0011F132 /* ContentView.swift */; };
		BC2EBCC32973C0FF0011F132 /* Assets.xcassets in Resources */ = {isa = PBXBuildFile; fileRef = BC2EBCC22973C0FF0011F132 /* Assets.xcassets */; };
		BC2EBCC62973C0FF0011F132 /* Preview Assets.xcassets in Resources */ = {isa = PBXBuildFile; fileRef = BC2EBCC52973C0FF0011F132 /* Preview Assets.xcassets */; };
		BC2EBCCD2973C56A0011F132 /* Settings.swift in Sources */ = {isa = PBXBuildFile; fileRef = BC2EBCCC2973C56A0011F132 /* Settings.swift */; };
		BC2EBCCF2973C9040011F132 /* LifeGrid.swift in Sources */ = {isa = PBXBuildFile; fileRef = BC2EBCCE2973C9040011F132 /* LifeGrid.swift */; };
		BC2EBCD32974DE360011F132 /* LifeGridItem.swift in Sources */ = {isa = PBXBuildFile; fileRef = BC2EBCD22974DE360011F132 /* LifeGridItem.swift */; };
		BC986B42297C99CB00E0D68C /* UserData.swift in Sources */ = {isa = PBXBuildFile; fileRef = BC986B41297C99CB00E0D68C /* UserData.swift */; };
		BC986B47297CD8FA00E0D68C /* Overview.swift in Sources */ = {isa = PBXBuildFile; fileRef = BC986B46297CD8FA00E0D68C /* Overview.swift */; };
		BC986B49297DA1F300E0D68C /* Extensions.swift in Sources */ = {isa = PBXBuildFile; fileRef = BC986B48297DA1F300E0D68C /* Extensions.swift */; };
		BC986B4B297DC72900E0D68C /* WeekOfLife.swift in Sources */ = {isa = PBXBuildFile; fileRef = BC986B4A297DC72900E0D68C /* WeekOfLife.swift */; };
		BCF180BF297F8FDE006305F6 /* ProgressBars.swift in Sources */ = {isa = PBXBuildFile; fileRef = BCF180BE297F8FDE006305F6 /* ProgressBars.swift */; };
/* End PBXBuildFile section */

/* Begin PBXFileReference section */
		BC1DCB192980B7F300A4EBF5 /* SettingsButton.swift */ = {isa = PBXFileReference; lastKnownFileType = sourcecode.swift; path = SettingsButton.swift; sourceTree = "<group>"; };
		BC1DCB1D2980BCE000A4EBF5 /* Header.swift */ = {isa = PBXFileReference; lastKnownFileType = sourcecode.swift; path = Header.swift; sourceTree = "<group>"; };
		BC1DCB202980EF9A00A4EBF5 /* Card.swift */ = {isa = PBXFileReference; lastKnownFileType = sourcecode.swift; path = Card.swift; sourceTree = "<group>"; };
		BC1DCB222982408600A4EBF5 /* DateManager.swift */ = {isa = PBXFileReference; lastKnownFileType = sourcecode.swift; path = DateManager.swift; sourceTree = "<group>"; };
		BC2EBCBB2973C0FC0011F132 /* Deadline.app */ = {isa = PBXFileReference; explicitFileType = wrapper.application; includeInIndex = 0; path = Deadline.app; sourceTree = BUILT_PRODUCTS_DIR; };
		BC2EBCBE2973C0FC0011F132 /* DeadlineApp.swift */ = {isa = PBXFileReference; lastKnownFileType = sourcecode.swift; path = DeadlineApp.swift; sourceTree = "<group>"; };
		BC2EBCC02973C0FC0011F132 /* ContentView.swift */ = {isa = PBXFileReference; lastKnownFileType = sourcecode.swift; path = ContentView.swift; sourceTree = "<group>"; };
		BC2EBCC22973C0FF0011F132 /* Assets.xcassets */ = {isa = PBXFileReference; lastKnownFileType = folder.assetcatalog; path = Assets.xcassets; sourceTree = "<group>"; };
		BC2EBCC52973C0FF0011F132 /* Preview Assets.xcassets */ = {isa = PBXFileReference; lastKnownFileType = folder.assetcatalog; path = "Preview Assets.xcassets"; sourceTree = "<group>"; };
		BC2EBCCC2973C56A0011F132 /* Settings.swift */ = {isa = PBXFileReference; lastKnownFileType = sourcecode.swift; path = Settings.swift; sourceTree = "<group>"; };
		BC2EBCCE2973C9040011F132 /* LifeGrid.swift */ = {isa = PBXFileReference; lastKnownFileType = sourcecode.swift; path = LifeGrid.swift; sourceTree = "<group>"; };
		BC2EBCD22974DE360011F132 /* LifeGridItem.swift */ = {isa = PBXFileReference; lastKnownFileType = sourcecode.swift; path = LifeGridItem.swift; sourceTree = "<group>"; };
		BC986B41297C99CB00E0D68C /* UserData.swift */ = {isa = PBXFileReference; lastKnownFileType = sourcecode.swift; path = UserData.swift; sourceTree = "<group>"; };
		BC986B46297CD8FA00E0D68C /* Overview.swift */ = {isa = PBXFileReference; lastKnownFileType = sourcecode.swift; path = Overview.swift; sourceTree = "<group>"; };
		BC986B48297DA1F300E0D68C /* Extensions.swift */ = {isa = PBXFileReference; lastKnownFileType = sourcecode.swift; path = Extensions.swift; sourceTree = "<group>"; };
		BC986B4A297DC72900E0D68C /* WeekOfLife.swift */ = {isa = PBXFileReference; lastKnownFileType = sourcecode.swift; path = WeekOfLife.swift; sourceTree = "<group>"; };
		BCF180BE297F8FDE006305F6 /* ProgressBars.swift */ = {isa = PBXFileReference; lastKnownFileType = sourcecode.swift; path = ProgressBars.swift; sourceTree = "<group>"; };
/* End PBXFileReference section */

/* Begin PBXFrameworksBuildPhase section */
		BC2EBCB82973C0FC0011F132 /* Frameworks */ = {
			isa = PBXFrameworksBuildPhase;
			buildActionMask = 2147483647;
			files = (
			);
			runOnlyForDeploymentPostprocessing = 0;
		};
/* End PBXFrameworksBuildPhase section */

/* Begin PBXGroup section */
		BC1DCB1F2980BD3E00A4EBF5 /* Settings */ = {
			isa = PBXGroup;
			children = (
				BC2EBCCC2973C56A0011F132 /* Settings.swift */,
				BC1DCB192980B7F300A4EBF5 /* SettingsButton.swift */,
			);
			path = Settings;
			sourceTree = "<group>";
		};
		BC2EBCB22973C0FC0011F132 = {
			isa = PBXGroup;
			children = (
				BC2EBCBD2973C0FC0011F132 /* Deadline */,
				BC2EBCBC2973C0FC0011F132 /* Products */,
			);
			sourceTree = "<group>";
		};
		BC2EBCBC2973C0FC0011F132 /* Products */ = {
			isa = PBXGroup;
			children = (
				BC2EBCBB2973C0FC0011F132 /* Deadline.app */,
			);
			name = Products;
			sourceTree = "<group>";
		};
		BC2EBCBD2973C0FC0011F132 /* Deadline */ = {
			isa = PBXGroup;
			children = (
				BC2EBCBE2973C0FC0011F132 /* DeadlineApp.swift */,
				BC2EBCD42974DE510011F132 /* Views */,
				BC2EBCD52974DE570011F132 /* Model */,
				BC2EBCC22973C0FF0011F132 /* Assets.xcassets */,
				BC2EBCC42973C0FF0011F132 /* Preview Content */,
				BC986B48297DA1F300E0D68C /* Extensions.swift */,
			);
			path = Deadline;
			sourceTree = "<group>";
		};
		BC2EBCC42973C0FF0011F132 /* Preview Content */ = {
			isa = PBXGroup;
			children = (
				BC2EBCC52973C0FF0011F132 /* Preview Assets.xcassets */,
			);
			path = "Preview Content";
			sourceTree = "<group>";
		};
		BC2EBCD42974DE510011F132 /* Views */ = {
			isa = PBXGroup;
			children = (
				BC2EBCC02973C0FC0011F132 /* ContentView.swift */,
				BC986B45297CD8E700E0D68C /* Overview */,
				BC2EBCD72974DE960011F132 /* Header */,
				BC2EBCD62974DE710011F132 /* LifeGrid */,
				BCF180BD297F8FC3006305F6 /* ProgressBar */,
				BC1DCB202980EF9A00A4EBF5 /* Card.swift */,
			);
			path = Views;
			sourceTree = "<group>";
		};
		BC2EBCD52974DE570011F132 /* Model */ = {
			isa = PBXGroup;
			children = (
				BC986B41297C99CB00E0D68C /* UserData.swift */,
				BC986B4A297DC72900E0D68C /* WeekOfLife.swift */,
				BC1DCB222982408600A4EBF5 /* DateManager.swift */,
			);
			path = Model;
			sourceTree = "<group>";
		};
		BC2EBCD62974DE710011F132 /* LifeGrid */ = {
			isa = PBXGroup;
			children = (
				BC2EBCCE2973C9040011F132 /* LifeGrid.swift */,
				BC2EBCD22974DE360011F132 /* LifeGridItem.swift */,
			);
			path = LifeGrid;
			sourceTree = "<group>";
		};
		BC2EBCD72974DE960011F132 /* Header */ = {
			isa = PBXGroup;
			children = (
				BC1DCB1D2980BCE000A4EBF5 /* Header.swift */,
				BC1DCB1F2980BD3E00A4EBF5 /* Settings */,
			);
			path = Header;
			sourceTree = "<group>";
		};
		BC986B45297CD8E700E0D68C /* Overview */ = {
			isa = PBXGroup;
			children = (
				BC986B46297CD8FA00E0D68C /* Overview.swift */,
			);
			path = Overview;
			sourceTree = "<group>";
		};
		BCF180BD297F8FC3006305F6 /* ProgressBar */ = {
			isa = PBXGroup;
			children = (
				BCF180BE297F8FDE006305F6 /* ProgressBars.swift */,
			);
			path = ProgressBar;
			sourceTree = "<group>";
		};
/* End PBXGroup section */

/* Begin PBXNativeTarget section */
		BC2EBCBA2973C0FC0011F132 /* Deadline */ = {
			isa = PBXNativeTarget;
			buildConfigurationList = BC2EBCC92973C0FF0011F132 /* Build configuration list for PBXNativeTarget "Deadline" */;
			buildPhases = (
				BC2EBCB72973C0FC0011F132 /* Sources */,
				BC2EBCB82973C0FC0011F132 /* Frameworks */,
				BC2EBCB92973C0FC0011F132 /* Resources */,
			);
			buildRules = (
			);
			dependencies = (
			);
			name = Deadline;
			productName = Deadline;
			productReference = BC2EBCBB2973C0FC0011F132 /* Deadline.app */;
			productType = "com.apple.product-type.application";
		};
/* End PBXNativeTarget section */

/* Begin PBXProject section */
		BC2EBCB32973C0FC0011F132 /* Project object */ = {
			isa = PBXProject;
			attributes = {
				BuildIndependentTargetsInParallel = 1;
				LastSwiftUpdateCheck = 1320;
				LastUpgradeCheck = 1320;
				TargetAttributes = {
					BC2EBCBA2973C0FC0011F132 = {
						CreatedOnToolsVersion = 13.2.1;
					};
				};
			};
			buildConfigurationList = BC2EBCB62973C0FC0011F132 /* Build configuration list for PBXProject "Deadline" */;
			compatibilityVersion = "Xcode 13.0";
			developmentRegion = en;
			hasScannedForEncodings = 0;
			knownRegions = (
				en,
				Base,
			);
			mainGroup = BC2EBCB22973C0FC0011F132;
			productRefGroup = BC2EBCBC2973C0FC0011F132 /* Products */;
			projectDirPath = "";
			projectRoot = "";
			targets = (
				BC2EBCBA2973C0FC0011F132 /* Deadline */,
			);
		};
/* End PBXProject section */

/* Begin PBXResourcesBuildPhase section */
		BC2EBCB92973C0FC0011F132 /* Resources */ = {
			isa = PBXResourcesBuildPhase;
			buildActionMask = 2147483647;
			files = (
				BC2EBCC62973C0FF0011F132 /* Preview Assets.xcassets in Resources */,
				BC2EBCC32973C0FF0011F132 /* Assets.xcassets in Resources */,
			);
			runOnlyForDeploymentPostprocessing = 0;
		};
/* End PBXResourcesBuildPhase section */

/* Begin PBXSourcesBuildPhase section */
		BC2EBCB72973C0FC0011F132 /* Sources */ = {
			isa = PBXSourcesBuildPhase;
			buildActionMask = 2147483647;
			files = (
				BC986B4B297DC72900E0D68C /* WeekOfLife.swift in Sources */,
				BCF180BF297F8FDE006305F6 /* ProgressBars.swift in Sources */,
				BC2EBCC12973C0FC0011F132 /* ContentView.swift in Sources */,
				BC2EBCD32974DE360011F132 /* LifeGridItem.swift in Sources */,
				BC1DCB212980EF9A00A4EBF5 /* Card.swift in Sources */,
				BC1DCB1E2980BCE000A4EBF5 /* Header.swift in Sources */,
				BC1DCB1A2980B7F400A4EBF5 /* SettingsButton.swift in Sources */,
				BC1DCB232982408600A4EBF5 /* DateManager.swift in Sources */,
				BC986B47297CD8FA00E0D68C /* Overview.swift in Sources */,
				BC986B42297C99CB00E0D68C /* UserData.swift in Sources */,
				BC986B49297DA1F300E0D68C /* Extensions.swift in Sources */,
				BC2EBCCF2973C9040011F132 /* LifeGrid.swift in Sources */,
				BC2EBCCD2973C56A0011F132 /* Settings.swift in Sources */,
				BC2EBCBF2973C0FC0011F132 /* DeadlineApp.swift in Sources */,
			);
			runOnlyForDeploymentPostprocessing = 0;
		};
/* End PBXSourcesBuildPhase section */

/* Begin XCBuildConfiguration section */
		BC2EBCC72973C0FF0011F132 /* Debug */ = {
			isa = XCBuildConfiguration;
			buildSettings = {
				ALWAYS_SEARCH_USER_PATHS = NO;
				CLANG_ANALYZER_NONNULL = YES;
				CLANG_ANALYZER_NUMBER_OBJECT_CONVERSION = YES_AGGRESSIVE;
				CLANG_CXX_LANGUAGE_STANDARD = "gnu++17";
				CLANG_CXX_LIBRARY = "libc++";
				CLANG_ENABLE_MODULES = YES;
				CLANG_ENABLE_OBJC_ARC = YES;
				CLANG_ENABLE_OBJC_WEAK = YES;
				CLANG_WARN_BLOCK_CAPTURE_AUTORELEASING = YES;
				CLANG_WARN_BOOL_CONVERSION = YES;
				CLANG_WARN_COMMA = YES;
				CLANG_WARN_CONSTANT_CONVERSION = YES;
				CLANG_WARN_DEPRECATED_OBJC_IMPLEMENTATIONS = YES;
				CLANG_WARN_DIRECT_OBJC_ISA_USAGE = YES_ERROR;
				CLANG_WARN_DOCUMENTATION_COMMENTS = YES;
				CLANG_WARN_EMPTY_BODY = YES;
				CLANG_WARN_ENUM_CONVERSION = YES;
				CLANG_WARN_INFINITE_RECURSION = YES;
				CLANG_WARN_INT_CONVERSION = YES;
				CLANG_WARN_NON_LITERAL_NULL_CONVERSION = YES;
				CLANG_WARN_OBJC_IMPLICIT_RETAIN_SELF = YES;
				CLANG_WARN_OBJC_LITERAL_CONVERSION = YES;
				CLANG_WARN_OBJC_ROOT_CLASS = YES_ERROR;
				CLANG_WARN_QUOTED_INCLUDE_IN_FRAMEWORK_HEADER = YES;
				CLANG_WARN_RANGE_LOOP_ANALYSIS = YES;
				CLANG_WARN_STRICT_PROTOTYPES = YES;
				CLANG_WARN_SUSPICIOUS_MOVE = YES;
				CLANG_WARN_UNGUARDED_AVAILABILITY = YES_AGGRESSIVE;
				CLANG_WARN_UNREACHABLE_CODE = YES;
				CLANG_WARN__DUPLICATE_METHOD_MATCH = YES;
				COPY_PHASE_STRIP = NO;
				DEBUG_INFORMATION_FORMAT = dwarf;
				ENABLE_STRICT_OBJC_MSGSEND = YES;
				ENABLE_TESTABILITY = YES;
				GCC_C_LANGUAGE_STANDARD = gnu11;
				GCC_DYNAMIC_NO_PIC = NO;
				GCC_NO_COMMON_BLOCKS = YES;
				GCC_OPTIMIZATION_LEVEL = 0;
				GCC_PREPROCESSOR_DEFINITIONS = (
					"DEBUG=1",
					"$(inherited)",
				);
				GCC_WARN_64_TO_32_BIT_CONVERSION = YES;
				GCC_WARN_ABOUT_RETURN_TYPE = YES_ERROR;
				GCC_WARN_UNDECLARED_SELECTOR = YES;
				GCC_WARN_UNINITIALIZED_AUTOS = YES_AGGRESSIVE;
				GCC_WARN_UNUSED_FUNCTION = YES;
				GCC_WARN_UNUSED_VARIABLE = YES;
				IPHONEOS_DEPLOYMENT_TARGET = 15.2;
				MTL_ENABLE_DEBUG_INFO = INCLUDE_SOURCE;
				MTL_FAST_MATH = YES;
				ONLY_ACTIVE_ARCH = YES;
				SDKROOT = iphoneos;
				SWIFT_ACTIVE_COMPILATION_CONDITIONS = DEBUG;
				SWIFT_OPTIMIZATION_LEVEL = "-Onone";
			};
			name = Debug;
		};
		BC2EBCC82973C0FF0011F132 /* Release */ = {
			isa = XCBuildConfiguration;
			buildSettings = {
				ALWAYS_SEARCH_USER_PATHS = NO;
				CLANG_ANALYZER_NONNULL = YES;
				CLANG_ANALYZER_NUMBER_OBJECT_CONVERSION = YES_AGGRESSIVE;
				CLANG_CXX_LANGUAGE_STANDARD = "gnu++17";
				CLANG_CXX_LIBRARY = "libc++";
				CLANG_ENABLE_MODULES = YES;
				CLANG_ENABLE_OBJC_ARC = YES;
				CLANG_ENABLE_OBJC_WEAK = YES;
				CLANG_WARN_BLOCK_CAPTURE_AUTORELEASING = YES;
				CLANG_WARN_BOOL_CONVERSION = YES;
				CLANG_WARN_COMMA = YES;
				CLANG_WARN_CONSTANT_CONVERSION = YES;
				CLANG_WARN_DEPRECATED_OBJC_IMPLEMENTATIONS = YES;
				CLANG_WARN_DIRECT_OBJC_ISA_USAGE = YES_ERROR;
				CLANG_WARN_DOCUMENTATION_COMMENTS = YES;
				CLANG_WARN_EMPTY_BODY = YES;
				CLANG_WARN_ENUM_CONVERSION = YES;
				CLANG_WARN_INFINITE_RECURSION = YES;
				CLANG_WARN_INT_CONVERSION = YES;
				CLANG_WARN_NON_LITERAL_NULL_CONVERSION = YES;
				CLANG_WARN_OBJC_IMPLICIT_RETAIN_SELF = YES;
				CLANG_WARN_OBJC_LITERAL_CONVERSION = YES;
				CLANG_WARN_OBJC_ROOT_CLASS = YES_ERROR;
				CLANG_WARN_QUOTED_INCLUDE_IN_FRAMEWORK_HEADER = YES;
				CLANG_WARN_RANGE_LOOP_ANALYSIS = YES;
				CLANG_WARN_STRICT_PROTOTYPES = YES;
				CLANG_WARN_SUSPICIOUS_MOVE = YES;
				CLANG_WARN_UNGUARDED_AVAILABILITY = YES_AGGRESSIVE;
				CLANG_WARN_UNREACHABLE_CODE = YES;
				CLANG_WARN__DUPLICATE_METHOD_MATCH = YES;
				COPY_PHASE_STRIP = NO;
				DEBUG_INFORMATION_FORMAT = "dwarf-with-dsym";
				ENABLE_NS_ASSERTIONS = NO;
				ENABLE_STRICT_OBJC_MSGSEND = YES;
				GCC_C_LANGUAGE_STANDARD = gnu11;
				GCC_NO_COMMON_BLOCKS = YES;
				GCC_WARN_64_TO_32_BIT_CONVERSION = YES;
				GCC_WARN_ABOUT_RETURN_TYPE = YES_ERROR;
				GCC_WARN_UNDECLARED_SELECTOR = YES;
				GCC_WARN_UNINITIALIZED_AUTOS = YES_AGGRESSIVE;
				GCC_WARN_UNUSED_FUNCTION = YES;
				GCC_WARN_UNUSED_VARIABLE = YES;
				IPHONEOS_DEPLOYMENT_TARGET = 15.2;
				MTL_ENABLE_DEBUG_INFO = NO;
				MTL_FAST_MATH = YES;
				SDKROOT = iphoneos;
				SWIFT_COMPILATION_MODE = wholemodule;
				SWIFT_OPTIMIZATION_LEVEL = "-O";
				VALIDATE_PRODUCT = YES;
			};
			name = Release;
		};
		BC2EBCCA2973C0FF0011F132 /* Debug */ = {
			isa = XCBuildConfiguration;
			buildSettings = {
				ASSETCATALOG_COMPILER_APPICON_NAME = AppIcon;
				ASSETCATALOG_COMPILER_GLOBAL_ACCENT_COLOR_NAME = AccentColor;
				CODE_SIGN_STYLE = Automatic;
				CURRENT_PROJECT_VERSION = 1;
				DEVELOPMENT_ASSET_PATHS = "\"Deadline/Preview Content\"";
				DEVELOPMENT_TEAM = ZDB377YD39;
				ENABLE_PREVIEWS = YES;
				GENERATE_INFOPLIST_FILE = YES;
				INFOPLIST_KEY_UIApplicationSceneManifest_Generation = YES;
				INFOPLIST_KEY_UIApplicationSupportsIndirectInputEvents = YES;
				INFOPLIST_KEY_UILaunchScreen_Generation = YES;
				INFOPLIST_KEY_UISupportedInterfaceOrientations_iPad = "UIInterfaceOrientationPortrait UIInterfaceOrientationPortraitUpsideDown UIInterfaceOrientationLandscapeLeft UIInterfaceOrientationLandscapeRight";
				INFOPLIST_KEY_UISupportedInterfaceOrientations_iPhone = "UIInterfaceOrientationPortrait UIInterfaceOrientationLandscapeLeft UIInterfaceOrientationLandscapeRight";
				LD_RUNPATH_SEARCH_PATHS = (
					"$(inherited)",
					"@executable_path/Frameworks",
				);
				MARKETING_VERSION = 1.0;
				PRODUCT_BUNDLE_IDENTIFIER = com.MatthewSeah.Deadline;
				PRODUCT_NAME = "$(TARGET_NAME)";
				SWIFT_EMIT_LOC_STRINGS = YES;
				SWIFT_VERSION = 5.0;
				TARGETED_DEVICE_FAMILY = "1,2";
			};
			name = Debug;
		};
		BC2EBCCB2973C0FF0011F132 /* Release */ = {
			isa = XCBuildConfiguration;
			buildSettings = {
				ASSETCATALOG_COMPILER_APPICON_NAME = AppIcon;
				ASSETCATALOG_COMPILER_GLOBAL_ACCENT_COLOR_NAME = AccentColor;
				CODE_SIGN_STYLE = Automatic;
				CURRENT_PROJECT_VERSION = 1;
				DEVELOPMENT_ASSET_PATHS = "\"Deadline/Preview Content\"";
				DEVELOPMENT_TEAM = ZDB377YD39;
				ENABLE_PREVIEWS = YES;
				GENERATE_INFOPLIST_FILE = YES;
				INFOPLIST_KEY_UIApplicationSceneManifest_Generation = YES;
				INFOPLIST_KEY_UIApplicationSupportsIndirectInputEvents = YES;
				INFOPLIST_KEY_UILaunchScreen_Generation = YES;
				INFOPLIST_KEY_UISupportedInterfaceOrientations_iPad = "UIInterfaceOrientationPortrait UIInterfaceOrientationPortraitUpsideDown UIInterfaceOrientationLandscapeLeft UIInterfaceOrientationLandscapeRight";
				INFOPLIST_KEY_UISupportedInterfaceOrientations_iPhone = "UIInterfaceOrientationPortrait UIInterfaceOrientationLandscapeLeft UIInterfaceOrientationLandscapeRight";
				LD_RUNPATH_SEARCH_PATHS = (
					"$(inherited)",
					"@executable_path/Frameworks",
				);
				MARKETING_VERSION = 1.0;
				PRODUCT_BUNDLE_IDENTIFIER = com.MatthewSeah.Deadline;
				PRODUCT_NAME = "$(TARGET_NAME)";
				SWIFT_EMIT_LOC_STRINGS = YES;
				SWIFT_VERSION = 5.0;
				TARGETED_DEVICE_FAMILY = "1,2";
			};
			name = Release;
		};
/* End XCBuildConfiguration section */

/* Begin XCConfigurationList section */
		BC2EBCB62973C0FC0011F132 /* Build configuration list for PBXProject "Deadline" */ = {
			isa = XCConfigurationList;
			buildConfigurations = (
				BC2EBCC72973C0FF0011F132 /* Debug */,
				BC2EBCC82973C0FF0011F132 /* Release */,
			);
			defaultConfigurationIsVisible = 0;
			defaultConfigurationName = Release;
		};
		BC2EBCC92973C0FF0011F132 /* Build configuration list for PBXNativeTarget "Deadline" */ = {
			isa = XCConfigurationList;
			buildConfigurations = (
				BC2EBCCA2973C0FF0011F132 /* Debug */,
				BC2EBCCB2973C0FF0011F132 /* Release */,
			);
			defaultConfigurationIsVisible = 0;
			defaultConfigurationName = Release;
		};
/* End XCConfigurationList section */
	};
	rootObject = BC2EBCB32973C0FC0011F132 /* Project object */;
}
