// !$*UTF8*$!
{
	archiveVersion = 1;
	classes = {
	};
	objectVersion = 55;
	objects = {

/* Begin PBXBuildFile section */
		BC1DCB1E2980BCE000A4EBF5 /* Header.swift in Sources */ = {isa = PBXBuildFile; fileRef = BC1DCB1D2980BCE000A4EBF5 /* Header.swift */; };
		BC1DCB212980EF9A00A4EBF5 /* CardView.swift in Sources */ = {isa = PBXBuildFile; fileRef = BC1DCB202980EF9A00A4EBF5 /* CardView.swift */; };
		BC1DCB232982408600A4EBF5 /* DateManager.swift in Sources */ = {isa = PBXBuildFile; fileRef = BC1DCB222982408600A4EBF5 /* DateManager.swift */; };
		BC1DCB362987271C00A4EBF5 /* userData.json in Resources */ = {isa = PBXBuildFile; fileRef = BC1DCB352987271C00A4EBF5 /* userData.json */; };
		BC1DCB38298728A400A4EBF5 /* ModelData.swift in Sources */ = {isa = PBXBuildFile; fileRef = BC1DCB37298728A400A4EBF5 /* ModelData.swift */; };
		BC1DCB3A2987450E00A4EBF5 /* milestoneData.json in Resources */ = {isa = PBXBuildFile; fileRef = BC1DCB392987450E00A4EBF5 /* milestoneData.json */; };
		BC2EBCBF2973C0FC0011F132 /* DeadlineApp.swift in Sources */ = {isa = PBXBuildFile; fileRef = BC2EBCBE2973C0FC0011F132 /* DeadlineApp.swift */; };
		BC2EBCC12973C0FC0011F132 /* ContentView.swift in Sources */ = {isa = PBXBuildFile; fileRef = BC2EBCC02973C0FC0011F132 /* ContentView.swift */; };
		BC2EBCC32973C0FF0011F132 /* Assets.xcassets in Resources */ = {isa = PBXBuildFile; fileRef = BC2EBCC22973C0FF0011F132 /* Assets.xcassets */; };
		BC2EBCC62973C0FF0011F132 /* Preview Assets.xcassets in Resources */ = {isa = PBXBuildFile; fileRef = BC2EBCC52973C0FF0011F132 /* Preview Assets.xcassets */; };
		BC2EBCCD2973C56A0011F132 /* Settings.swift in Sources */ = {isa = PBXBuildFile; fileRef = BC2EBCCC2973C56A0011F132 /* Settings.swift */; };
		BC5ADD3029B2FF1E00C677DD /* CircularProgressView.swift in Sources */ = {isa = PBXBuildFile; fileRef = BC5ADD2F29B2FF1E00C677DD /* CircularProgressView.swift */; };
		BC5ADD3229B8070C00C677DD /* TextWidget.swift in Sources */ = {isa = PBXBuildFile; fileRef = BC5ADD3129B8070C00C677DD /* TextWidget.swift */; };
		BC5ADD3429B80A2C00C677DD /* AllProgressCirclesWidget.swift in Sources */ = {isa = PBXBuildFile; fileRef = BC5ADD3329B80A2C00C677DD /* AllProgressCirclesWidget.swift */; };
		BC986B42297C99CB00E0D68C /* User.swift in Sources */ = {isa = PBXBuildFile; fileRef = BC986B41297C99CB00E0D68C /* User.swift */; };
		BC986B47297CD8FA00E0D68C /* AllWidgets.swift in Sources */ = {isa = PBXBuildFile; fileRef = BC986B46297CD8FA00E0D68C /* AllWidgets.swift */; };
		BC986B49297DA1F300E0D68C /* Extensions.swift in Sources */ = {isa = PBXBuildFile; fileRef = BC986B48297DA1F300E0D68C /* Extensions.swift */; };
		BCAA60F029BA3B5300A2D960 /* WidgetKit.framework in Frameworks */ = {isa = PBXBuildFile; fileRef = BCAA60EF29BA3B5300A2D960 /* WidgetKit.framework */; };
		BCAA60F229BA3B5300A2D960 /* SwiftUI.framework in Frameworks */ = {isa = PBXBuildFile; fileRef = BCAA60F129BA3B5300A2D960 /* SwiftUI.framework */; };
		BCAA60F529BA3B5300A2D960 /* LifelinesWidget.swift in Sources */ = {isa = PBXBuildFile; fileRef = BCAA60F429BA3B5300A2D960 /* LifelinesWidget.swift */; };
		BCAA60F829BA3B5500A2D960 /* Assets.xcassets in Resources */ = {isa = PBXBuildFile; fileRef = BCAA60F729BA3B5500A2D960 /* Assets.xcassets */; };
		BCAA60FA29BA3B5500A2D960 /* LifelinesWidget.intentdefinition in Sources */ = {isa = PBXBuildFile; fileRef = BCAA60F629BA3B5300A2D960 /* LifelinesWidget.intentdefinition */; };
		BCAA60FB29BA3B5500A2D960 /* LifelinesWidget.intentdefinition in Sources */ = {isa = PBXBuildFile; fileRef = BCAA60F629BA3B5300A2D960 /* LifelinesWidget.intentdefinition */; };
		BCAA60FE29BA3B5500A2D960 /* LifelinesWidgetExtension.appex in Embed App Extensions */ = {isa = PBXBuildFile; fileRef = BCAA60ED29BA3B5300A2D960 /* LifelinesWidgetExtension.appex */; settings = {ATTRIBUTES = (RemoveHeadersOnCopy, ); }; };
		BCF180BF297F8FDE006305F6 /* ProgressBarWidget.swift in Sources */ = {isa = PBXBuildFile; fileRef = BCF180BE297F8FDE006305F6 /* ProgressBarWidget.swift */; };
/* End PBXBuildFile section */

/* Begin PBXContainerItemProxy section */
		BCAA60FC29BA3B5500A2D960 /* PBXContainerItemProxy */ = {
			isa = PBXContainerItemProxy;
			containerPortal = BC2EBCB32973C0FC0011F132 /* Project object */;
			proxyType = 1;
			remoteGlobalIDString = BCAA60EC29BA3B5300A2D960;
			remoteInfo = LifelinesWidgetExtension;
		};
/* End PBXContainerItemProxy section */

/* Begin PBXCopyFilesBuildPhase section */
		BCAA60FF29BA3B5500A2D960 /* Embed App Extensions */ = {
			isa = PBXCopyFilesBuildPhase;
			buildActionMask = 2147483647;
			dstPath = "";
			dstSubfolderSpec = 13;
			files = (
				BCAA60FE29BA3B5500A2D960 /* LifelinesWidgetExtension.appex in Embed App Extensions */,
			);
			name = "Embed App Extensions";
			runOnlyForDeploymentPostprocessing = 0;
		};
/* End PBXCopyFilesBuildPhase section */

/* Begin PBXFileReference section */
		BC1DCB1D2980BCE000A4EBF5 /* Header.swift */ = {isa = PBXFileReference; lastKnownFileType = sourcecode.swift; path = Header.swift; sourceTree = "<group>"; };
		BC1DCB202980EF9A00A4EBF5 /* CardView.swift */ = {isa = PBXFileReference; lastKnownFileType = sourcecode.swift; path = CardView.swift; sourceTree = "<group>"; };
		BC1DCB222982408600A4EBF5 /* DateManager.swift */ = {isa = PBXFileReference; lastKnownFileType = sourcecode.swift; path = DateManager.swift; sourceTree = "<group>"; };
		BC1DCB352987271C00A4EBF5 /* userData.json */ = {isa = PBXFileReference; fileEncoding = 4; lastKnownFileType = text.json; path = userData.json; sourceTree = "<group>"; };
		BC1DCB37298728A400A4EBF5 /* ModelData.swift */ = {isa = PBXFileReference; lastKnownFileType = sourcecode.swift; path = ModelData.swift; sourceTree = "<group>"; };
		BC1DCB392987450E00A4EBF5 /* milestoneData.json */ = {isa = PBXFileReference; fileEncoding = 4; lastKnownFileType = text.json; path = milestoneData.json; sourceTree = "<group>"; };
		BC2EBCBB2973C0FC0011F132 /* Lifelines.app */ = {isa = PBXFileReference; explicitFileType = wrapper.application; includeInIndex = 0; path = Lifelines.app; sourceTree = BUILT_PRODUCTS_DIR; };
		BC2EBCBE2973C0FC0011F132 /* DeadlineApp.swift */ = {isa = PBXFileReference; lastKnownFileType = sourcecode.swift; path = DeadlineApp.swift; sourceTree = "<group>"; };
		BC2EBCC02973C0FC0011F132 /* ContentView.swift */ = {isa = PBXFileReference; lastKnownFileType = sourcecode.swift; path = ContentView.swift; sourceTree = "<group>"; };
		BC2EBCC22973C0FF0011F132 /* Assets.xcassets */ = {isa = PBXFileReference; lastKnownFileType = folder.assetcatalog; path = Assets.xcassets; sourceTree = "<group>"; };
		BC2EBCC52973C0FF0011F132 /* Preview Assets.xcassets */ = {isa = PBXFileReference; lastKnownFileType = folder.assetcatalog; path = "Preview Assets.xcassets"; sourceTree = "<group>"; };
		BC2EBCCC2973C56A0011F132 /* Settings.swift */ = {isa = PBXFileReference; lastKnownFileType = sourcecode.swift; path = Settings.swift; sourceTree = "<group>"; };
		BC5ADD2F29B2FF1E00C677DD /* CircularProgressView.swift */ = {isa = PBXFileReference; lastKnownFileType = sourcecode.swift; path = CircularProgressView.swift; sourceTree = "<group>"; };
		BC5ADD3129B8070C00C677DD /* TextWidget.swift */ = {isa = PBXFileReference; lastKnownFileType = sourcecode.swift; path = TextWidget.swift; sourceTree = "<group>"; };
		BC5ADD3329B80A2C00C677DD /* AllProgressCirclesWidget.swift */ = {isa = PBXFileReference; lastKnownFileType = sourcecode.swift; path = AllProgressCirclesWidget.swift; sourceTree = "<group>"; };
		BC986B41297C99CB00E0D68C /* User.swift */ = {isa = PBXFileReference; lastKnownFileType = sourcecode.swift; path = User.swift; sourceTree = "<group>"; };
		BC986B46297CD8FA00E0D68C /* AllWidgets.swift */ = {isa = PBXFileReference; lastKnownFileType = sourcecode.swift; path = AllWidgets.swift; sourceTree = "<group>"; };
		BC986B48297DA1F300E0D68C /* Extensions.swift */ = {isa = PBXFileReference; lastKnownFileType = sourcecode.swift; path = Extensions.swift; sourceTree = "<group>"; };
		BCAA60ED29BA3B5300A2D960 /* LifelinesWidgetExtension.appex */ = {isa = PBXFileReference; explicitFileType = "wrapper.app-extension"; includeInIndex = 0; path = LifelinesWidgetExtension.appex; sourceTree = BUILT_PRODUCTS_DIR; };
		BCAA60EF29BA3B5300A2D960 /* WidgetKit.framework */ = {isa = PBXFileReference; lastKnownFileType = wrapper.framework; name = WidgetKit.framework; path = System/Library/Frameworks/WidgetKit.framework; sourceTree = SDKROOT; };
		BCAA60F129BA3B5300A2D960 /* SwiftUI.framework */ = {isa = PBXFileReference; lastKnownFileType = wrapper.framework; name = SwiftUI.framework; path = System/Library/Frameworks/SwiftUI.framework; sourceTree = SDKROOT; };
		BCAA60F429BA3B5300A2D960 /* LifelinesWidget.swift */ = {isa = PBXFileReference; lastKnownFileType = sourcecode.swift; path = LifelinesWidget.swift; sourceTree = "<group>"; };
		BCAA60F629BA3B5300A2D960 /* LifelinesWidget.intentdefinition */ = {isa = PBXFileReference; lastKnownFileType = file.intentdefinition; path = LifelinesWidget.intentdefinition; sourceTree = "<group>"; };
		BCAA60F729BA3B5500A2D960 /* Assets.xcassets */ = {isa = PBXFileReference; lastKnownFileType = folder.assetcatalog; path = Assets.xcassets; sourceTree = "<group>"; };
		BCAA60F929BA3B5500A2D960 /* Info.plist */ = {isa = PBXFileReference; lastKnownFileType = text.plist.xml; path = Info.plist; sourceTree = "<group>"; };
		BCF180BE297F8FDE006305F6 /* ProgressBarWidget.swift */ = {isa = PBXFileReference; lastKnownFileType = sourcecode.swift; path = ProgressBarWidget.swift; sourceTree = "<group>"; };
/* End PBXFileReference section */

/* Begin PBXFrameworksBuildPhase section */
		BC2EBCB82973C0FC0011F132 /* Frameworks */ = {
			isa = PBXFrameworksBuildPhase;
			buildActionMask = 2147483647;
			files = (
			);
			runOnlyForDeploymentPostprocessing = 0;
		};
		BCAA60EA29BA3B5300A2D960 /* Frameworks */ = {
			isa = PBXFrameworksBuildPhase;
			buildActionMask = 2147483647;
			files = (
				BCAA60F229BA3B5300A2D960 /* SwiftUI.framework in Frameworks */,
				BCAA60F029BA3B5300A2D960 /* WidgetKit.framework in Frameworks */,
			);
			runOnlyForDeploymentPostprocessing = 0;
		};
/* End PBXFrameworksBuildPhase section */

/* Begin PBXGroup section */
		BC1DCB2829837BAC00A4EBF5 /* Helper */ = {
			isa = PBXGroup;
			children = (
				BC1DCB202980EF9A00A4EBF5 /* CardView.swift */,
				BC5ADD2F29B2FF1E00C677DD /* CircularProgressView.swift */,
			);
			path = Helper;
			sourceTree = "<group>";
		};
		BC1DCB322987266900A4EBF5 /* Helpers */ = {
			isa = PBXGroup;
			children = (
				BC986B48297DA1F300E0D68C /* Extensions.swift */,
				BC1DCB222982408600A4EBF5 /* DateManager.swift */,
			);
			path = Helpers;
			sourceTree = "<group>";
		};
		BC1DCB332987268900A4EBF5 /* Resources */ = {
			isa = PBXGroup;
			children = (
				BC1DCB352987271C00A4EBF5 /* userData.json */,
				BC1DCB392987450E00A4EBF5 /* milestoneData.json */,
			);
			path = Resources;
			sourceTree = "<group>";
		};
		BC2EBCB22973C0FC0011F132 = {
			isa = PBXGroup;
			children = (
				BC2EBCBD2973C0FC0011F132 /* Deadline */,
				BCAA60F329BA3B5300A2D960 /* LifelinesWidget */,
				BCAA60EE29BA3B5300A2D960 /* Frameworks */,
				BC2EBCBC2973C0FC0011F132 /* Products */,
			);
			sourceTree = "<group>";
		};
		BC2EBCBC2973C0FC0011F132 /* Products */ = {
			isa = PBXGroup;
			children = (
				BC2EBCBB2973C0FC0011F132 /* Lifelines.app */,
				BCAA60ED29BA3B5300A2D960 /* LifelinesWidgetExtension.appex */,
			);
			name = Products;
			sourceTree = "<group>";
		};
		BC2EBCBD2973C0FC0011F132 /* Deadline */ = {
			isa = PBXGroup;
			children = (
				BC2EBCBE2973C0FC0011F132 /* DeadlineApp.swift */,
				BC2EBCD42974DE510011F132 /* Views */,
				BC2EBCC42973C0FF0011F132 /* Preview Content */,
				BC1DCB322987266900A4EBF5 /* Helpers */,
				BC2EBCD52974DE570011F132 /* Model */,
				BC1DCB332987268900A4EBF5 /* Resources */,
				BC2EBCC22973C0FF0011F132 /* Assets.xcassets */,
			);
			path = Deadline;
			sourceTree = "<group>";
		};
		BC2EBCC42973C0FF0011F132 /* Preview Content */ = {
			isa = PBXGroup;
			children = (
				BC2EBCC52973C0FF0011F132 /* Preview Assets.xcassets */,
			);
			path = "Preview Content";
			sourceTree = "<group>";
		};
		BC2EBCD42974DE510011F132 /* Views */ = {
			isa = PBXGroup;
			children = (
				BC2EBCC02973C0FC0011F132 /* ContentView.swift */,
				BC986B45297CD8E700E0D68C /* Summary */,
				BC2EBCD72974DE960011F132 /* Header */,
				BC1DCB2829837BAC00A4EBF5 /* Helper */,
			);
			path = Views;
			sourceTree = "<group>";
		};
		BC2EBCD52974DE570011F132 /* Model */ = {
			isa = PBXGroup;
			children = (
				BC1DCB37298728A400A4EBF5 /* ModelData.swift */,
				BC986B41297C99CB00E0D68C /* User.swift */,
			);
			path = Model;
			sourceTree = "<group>";
		};
		BC2EBCD72974DE960011F132 /* Header */ = {
			isa = PBXGroup;
			children = (
				BC1DCB1D2980BCE000A4EBF5 /* Header.swift */,
				BC2EBCCC2973C56A0011F132 /* Settings.swift */,
			);
			path = Header;
			sourceTree = "<group>";
		};
		BC986B45297CD8E700E0D68C /* Summary */ = {
			isa = PBXGroup;
			children = (
				BC986B46297CD8FA00E0D68C /* AllWidgets.swift */,
				BC5ADD3129B8070C00C677DD /* TextWidget.swift */,
				BCF180BE297F8FDE006305F6 /* ProgressBarWidget.swift */,
				BC5ADD3329B80A2C00C677DD /* AllProgressCirclesWidget.swift */,
			);
			path = Summary;
			sourceTree = "<group>";
		};
		BCAA60EE29BA3B5300A2D960 /* Frameworks */ = {
			isa = PBXGroup;
			children = (
				BCAA60EF29BA3B5300A2D960 /* WidgetKit.framework */,
				BCAA60F129BA3B5300A2D960 /* SwiftUI.framework */,
			);
			name = Frameworks;
			sourceTree = "<group>";
		};
		BCAA60F329BA3B5300A2D960 /* LifelinesWidget */ = {
			isa = PBXGroup;
			children = (
				BCAA60F429BA3B5300A2D960 /* LifelinesWidget.swift */,
				BCAA60F629BA3B5300A2D960 /* LifelinesWidget.intentdefinition */,
				BCAA60F729BA3B5500A2D960 /* Assets.xcassets */,
				BCAA60F929BA3B5500A2D960 /* Info.plist */,
			);
			path = LifelinesWidget;
			sourceTree = "<group>";
		};
/* End PBXGroup section */

/* Begin PBXNativeTarget section */
		BC2EBCBA2973C0FC0011F132 /* Lifelines */ = {
			isa = PBXNativeTarget;
			buildConfigurationList = BC2EBCC92973C0FF0011F132 /* Build configuration list for PBXNativeTarget "Lifelines" */;
			buildPhases = (
				BC2EBCB72973C0FC0011F132 /* Sources */,
				BC2EBCB82973C0FC0011F132 /* Frameworks */,
				BC2EBCB92973C0FC0011F132 /* Resources */,
				BCAA60FF29BA3B5500A2D960 /* Embed App Extensions */,
			);
			buildRules = (
			);
			dependencies = (
				BCAA60FD29BA3B5500A2D960 /* PBXTargetDependency */,
			);
			name = Lifelines;
			productName = Deadline;
			productReference = BC2EBCBB2973C0FC0011F132 /* Lifelines.app */;
			productType = "com.apple.product-type.application";
		};
		BCAA60EC29BA3B5300A2D960 /* LifelinesWidgetExtension */ = {
			isa = PBXNativeTarget;
			buildConfigurationList = BCAA610229BA3B5500A2D960 /* Build configuration list for PBXNativeTarget "LifelinesWidgetExtension" */;
			buildPhases = (
				BCAA60E929BA3B5300A2D960 /* Sources */,
				BCAA60EA29BA3B5300A2D960 /* Frameworks */,
				BCAA60EB29BA3B5300A2D960 /* Resources */,
			);
			buildRules = (
			);
			dependencies = (
			);
			name = LifelinesWidgetExtension;
			productName = LifelinesWidgetExtension;
			productReference = BCAA60ED29BA3B5300A2D960 /* LifelinesWidgetExtension.appex */;
			productType = "com.apple.product-type.app-extension";
		};
/* End PBXNativeTarget section */

/* Begin PBXProject section */
		BC2EBCB32973C0FC0011F132 /* Project object */ = {
			isa = PBXProject;
			attributes = {
				BuildIndependentTargetsInParallel = 1;
				LastSwiftUpdateCheck = 1320;
				LastUpgradeCheck = 1320;
				TargetAttributes = {
					BC2EBCBA2973C0FC0011F132 = {
						CreatedOnToolsVersion = 13.2.1;
					};
					BCAA60EC29BA3B5300A2D960 = {
						CreatedOnToolsVersion = 13.2.1;
					};
				};
			};
			buildConfigurationList = BC2EBCB62973C0FC0011F132 /* Build configuration list for PBXProject "Lifelines" */;
			compatibilityVersion = "Xcode 13.0";
			developmentRegion = en;
			hasScannedForEncodings = 0;
			knownRegions = (
				en,
				Base,
			);
			mainGroup = BC2EBCB22973C0FC0011F132;
			productRefGroup = BC2EBCBC2973C0FC0011F132 /* Products */;
			projectDirPath = "";
			projectRoot = "";
			targets = (
				BC2EBCBA2973C0FC0011F132 /* Lifelines */,
				BCAA60EC29BA3B5300A2D960 /* LifelinesWidgetExtension */,
			);
		};
/* End PBXProject section */

/* Begin PBXResourcesBuildPhase section */
		BC2EBCB92973C0FC0011F132 /* Resources */ = {
			isa = PBXResourcesBuildPhase;
			buildActionMask = 2147483647;
			files = (
				BC1DCB362987271C00A4EBF5 /* userData.json in Resources */,
				BC2EBCC62973C0FF0011F132 /* Preview Assets.xcassets in Resources */,
				BC1DCB3A2987450E00A4EBF5 /* milestoneData.json in Resources */,
				BC2EBCC32973C0FF0011F132 /* Assets.xcassets in Resources */,
			);
			runOnlyForDeploymentPostprocessing = 0;
		};
		BCAA60EB29BA3B5300A2D960 /* Resources */ = {
			isa = PBXResourcesBuildPhase;
			buildActionMask = 2147483647;
			files = (
				BCAA60F829BA3B5500A2D960 /* Assets.xcassets in Resources */,
			);
			runOnlyForDeploymentPostprocessing = 0;
		};
/* End PBXResourcesBuildPhase section */

/* Begin PBXSourcesBuildPhase section */
		BC2EBCB72973C0FC0011F132 /* Sources */ = {
			isa = PBXSourcesBuildPhase;
			buildActionMask = 2147483647;
			files = (
				BCF180BF297F8FDE006305F6 /* ProgressBarWidget.swift in Sources */,
				BC2EBCC12973C0FC0011F132 /* ContentView.swift in Sources */,
				BC1DCB212980EF9A00A4EBF5 /* CardView.swift in Sources */,
				BC1DCB1E2980BCE000A4EBF5 /* Header.swift in Sources */,
				BC1DCB232982408600A4EBF5 /* DateManager.swift in Sources */,
				BC986B47297CD8FA00E0D68C /* AllWidgets.swift in Sources */,
				BC1DCB38298728A400A4EBF5 /* ModelData.swift in Sources */,
				BC986B42297C99CB00E0D68C /* User.swift in Sources */,
				BC5ADD3429B80A2C00C677DD /* AllProgressCirclesWidget.swift in Sources */,
				BC986B49297DA1F300E0D68C /* Extensions.swift in Sources */,
				BC2EBCCD2973C56A0011F132 /* Settings.swift in Sources */,
				BC5ADD3229B8070C00C677DD /* TextWidget.swift in Sources */,
				BC5ADD3029B2FF1E00C677DD /* CircularProgressView.swift in Sources */,
				BCAA60FB29BA3B5500A2D960 /* LifelinesWidget.intentdefinition in Sources */,
				BC2EBCBF2973C0FC0011F132 /* DeadlineApp.swift in Sources */,
			);
			runOnlyForDeploymentPostprocessing = 0;
		};
		BCAA60E929BA3B5300A2D960 /* Sources */ = {
			isa = PBXSourcesBuildPhase;
			buildActionMask = 2147483647;
			files = (
				BCAA60FA29BA3B5500A2D960 /* LifelinesWidget.intentdefinition in Sources */,
				BCAA60F529BA3B5300A2D960 /* LifelinesWidget.swift in Sources */,
			);
			runOnlyForDeploymentPostprocessing = 0;
		};
/* End PBXSourcesBuildPhase section */

/* Begin PBXTargetDependency section */
		BCAA60FD29BA3B5500A2D960 /* PBXTargetDependency */ = {
			isa = PBXTargetDependency;
			target = BCAA60EC29BA3B5300A2D960 /* LifelinesWidgetExtension */;
			targetProxy = BCAA60FC29BA3B5500A2D960 /* PBXContainerItemProxy */;
		};
/* End PBXTargetDependency section */

/* Begin XCBuildConfiguration section */
		BC2EBCC72973C0FF0011F132 /* Debug */ = {
			isa = XCBuildConfiguration;
			buildSettings = {
				ALWAYS_SEARCH_USER_PATHS = NO;
				CLANG_ANALYZER_NONNULL = YES;
				CLANG_ANALYZER_NUMBER_OBJECT_CONVERSION = YES_AGGRESSIVE;
				CLANG_CXX_LANGUAGE_STANDARD = "gnu++17";
				CLANG_CXX_LIBRARY = "libc++";
				CLANG_ENABLE_MODULES = YES;
				CLANG_ENABLE_OBJC_ARC = YES;
				CLANG_ENABLE_OBJC_WEAK = YES;
				CLANG_WARN_BLOCK_CAPTURE_AUTORELEASING = YES;
				CLANG_WARN_BOOL_CONVERSION = YES;
				CLANG_WARN_COMMA = YES;
				CLANG_WARN_CONSTANT_CONVERSION = YES;
				CLANG_WARN_DEPRECATED_OBJC_IMPLEMENTATIONS = YES;
				CLANG_WARN_DIRECT_OBJC_ISA_USAGE = YES_ERROR;
				CLANG_WARN_DOCUMENTATION_COMMENTS = YES;
				CLANG_WARN_EMPTY_BODY = YES;
				CLANG_WARN_ENUM_CONVERSION = YES;
				CLANG_WARN_INFINITE_RECURSION = YES;
				CLANG_WARN_INT_CONVERSION = YES;
				CLANG_WARN_NON_LITERAL_NULL_CONVERSION = YES;
				CLANG_WARN_OBJC_IMPLICIT_RETAIN_SELF = YES;
				CLANG_WARN_OBJC_LITERAL_CONVERSION = YES;
				CLANG_WARN_OBJC_ROOT_CLASS = YES_ERROR;
				CLANG_WARN_QUOTED_INCLUDE_IN_FRAMEWORK_HEADER = YES;
				CLANG_WARN_RANGE_LOOP_ANALYSIS = YES;
				CLANG_WARN_STRICT_PROTOTYPES = YES;
				CLANG_WARN_SUSPICIOUS_MOVE = YES;
				CLANG_WARN_UNGUARDED_AVAILABILITY = YES_AGGRESSIVE;
				CLANG_WARN_UNREACHABLE_CODE = YES;
				CLANG_WARN__DUPLICATE_METHOD_MATCH = YES;
				COPY_PHASE_STRIP = NO;
				DEBUG_INFORMATION_FORMAT = dwarf;
				ENABLE_STRICT_OBJC_MSGSEND = YES;
				ENABLE_TESTABILITY = YES;
				GCC_C_LANGUAGE_STANDARD = gnu11;
				GCC_DYNAMIC_NO_PIC = NO;
				GCC_NO_COMMON_BLOCKS = YES;
				GCC_OPTIMIZATION_LEVEL = 0;
				GCC_PREPROCESSOR_DEFINITIONS = (
					"DEBUG=1",
					"$(inherited)",
				);
				GCC_WARN_64_TO_32_BIT_CONVERSION = YES;
				GCC_WARN_ABOUT_RETURN_TYPE = YES_ERROR;
				GCC_WARN_UNDECLARED_SELECTOR = YES;
				GCC_WARN_UNINITIALIZED_AUTOS = YES_AGGRESSIVE;
				GCC_WARN_UNUSED_FUNCTION = YES;
				GCC_WARN_UNUSED_VARIABLE = YES;
				IPHONEOS_DEPLOYMENT_TARGET = 15.2;
				MTL_ENABLE_DEBUG_INFO = INCLUDE_SOURCE;
				MTL_FAST_MATH = YES;
				ONLY_ACTIVE_ARCH = YES;
				SDKROOT = iphoneos;
				SWIFT_ACTIVE_COMPILATION_CONDITIONS = DEBUG;
				SWIFT_OPTIMIZATION_LEVEL = "-Onone";
			};
			name = Debug;
		};
		BC2EBCC82973C0FF0011F132 /* Release */ = {
			isa = XCBuildConfiguration;
			buildSettings = {
				ALWAYS_SEARCH_USER_PATHS = NO;
				CLANG_ANALYZER_NONNULL = YES;
				CLANG_ANALYZER_NUMBER_OBJECT_CONVERSION = YES_AGGRESSIVE;
				CLANG_CXX_LANGUAGE_STANDARD = "gnu++17";
				CLANG_CXX_LIBRARY = "libc++";
				CLANG_ENABLE_MODULES = YES;
				CLANG_ENABLE_OBJC_ARC = YES;
				CLANG_ENABLE_OBJC_WEAK = YES;
				CLANG_WARN_BLOCK_CAPTURE_AUTORELEASING = YES;
				CLANG_WARN_BOOL_CONVERSION = YES;
				CLANG_WARN_COMMA = YES;
				CLANG_WARN_CONSTANT_CONVERSION = YES;
				CLANG_WARN_DEPRECATED_OBJC_IMPLEMENTATIONS = YES;
				CLANG_WARN_DIRECT_OBJC_ISA_USAGE = YES_ERROR;
				CLANG_WARN_DOCUMENTATION_COMMENTS = YES;
				CLANG_WARN_EMPTY_BODY = YES;
				CLANG_WARN_ENUM_CONVERSION = YES;
				CLANG_WARN_INFINITE_RECURSION = YES;
				CLANG_WARN_INT_CONVERSION = YES;
				CLANG_WARN_NON_LITERAL_NULL_CONVERSION = YES;
				CLANG_WARN_OBJC_IMPLICIT_RETAIN_SELF = YES;
				CLANG_WARN_OBJC_LITERAL_CONVERSION = YES;
				CLANG_WARN_OBJC_ROOT_CLASS = YES_ERROR;
				CLANG_WARN_QUOTED_INCLUDE_IN_FRAMEWORK_HEADER = YES;
				CLANG_WARN_RANGE_LOOP_ANALYSIS = YES;
				CLANG_WARN_STRICT_PROTOTYPES = YES;
				CLANG_WARN_SUSPICIOUS_MOVE = YES;
				CLANG_WARN_UNGUARDED_AVAILABILITY = YES_AGGRESSIVE;
				CLANG_WARN_UNREACHABLE_CODE = YES;
				CLANG_WARN__DUPLICATE_METHOD_MATCH = YES;
				COPY_PHASE_STRIP = NO;
				DEBUG_INFORMATION_FORMAT = "dwarf-with-dsym";
				ENABLE_NS_ASSERTIONS = NO;
				ENABLE_STRICT_OBJC_MSGSEND = YES;
				GCC_C_LANGUAGE_STANDARD = gnu11;
				GCC_NO_COMMON_BLOCKS = YES;
				GCC_WARN_64_TO_32_BIT_CONVERSION = YES;
				GCC_WARN_ABOUT_RETURN_TYPE = YES_ERROR;
				GCC_WARN_UNDECLARED_SELECTOR = YES;
				GCC_WARN_UNINITIALIZED_AUTOS = YES_AGGRESSIVE;
				GCC_WARN_UNUSED_FUNCTION = YES;
				GCC_WARN_UNUSED_VARIABLE = YES;
				IPHONEOS_DEPLOYMENT_TARGET = 15.2;
				MTL_ENABLE_DEBUG_INFO = NO;
				MTL_FAST_MATH = YES;
				SDKROOT = iphoneos;
				SWIFT_COMPILATION_MODE = wholemodule;
				SWIFT_OPTIMIZATION_LEVEL = "-O";
				VALIDATE_PRODUCT = YES;
			};
			name = Release;
		};
		BC2EBCCA2973C0FF0011F132 /* Debug */ = {
			isa = XCBuildConfiguration;
			buildSettings = {
				ALWAYS_EMBED_SWIFT_STANDARD_LIBRARIES = YES;
				ASSETCATALOG_COMPILER_APPICON_NAME = AppIcon;
				ASSETCATALOG_COMPILER_GLOBAL_ACCENT_COLOR_NAME = AccentColor;
				CODE_SIGN_STYLE = Automatic;
				CURRENT_PROJECT_VERSION = 1;
				DEVELOPMENT_ASSET_PATHS = "\"Deadline/Preview Content\"";
				DEVELOPMENT_TEAM = ZDB377YD39;
				ENABLE_PREVIEWS = YES;
				GENERATE_INFOPLIST_FILE = YES;
				INFOPLIST_KEY_UIApplicationSceneManifest_Generation = YES;
				INFOPLIST_KEY_UIApplicationSupportsIndirectInputEvents = YES;
				INFOPLIST_KEY_UILaunchScreen_Generation = YES;
				INFOPLIST_KEY_UISupportedInterfaceOrientations_iPad = "UIInterfaceOrientationPortrait UIInterfaceOrientationPortraitUpsideDown UIInterfaceOrientationLandscapeLeft UIInterfaceOrientationLandscapeRight";
				INFOPLIST_KEY_UISupportedInterfaceOrientations_iPhone = "UIInterfaceOrientationPortrait UIInterfaceOrientationLandscapeLeft UIInterfaceOrientationLandscapeRight";
				LD_RUNPATH_SEARCH_PATHS = (
					"$(inherited)",
					"@executable_path/Frameworks",
				);
				MARKETING_VERSION = 1.0;
				PRODUCT_BUNDLE_IDENTIFIER = com.MatthewSeah.Lifelines;
				PRODUCT_NAME = Lifelines;
				SWIFT_EMIT_LOC_STRINGS = YES;
				SWIFT_VERSION = 5.0;
				TARGETED_DEVICE_FAMILY = 1;
			};
			name = Debug;
		};
		BC2EBCCB2973C0FF0011F132 /* Release */ = {
			isa = XCBuildConfiguration;
			buildSettings = {
				ALWAYS_EMBED_SWIFT_STANDARD_LIBRARIES = YES;
				ASSETCATALOG_COMPILER_APPICON_NAME = AppIcon;
				ASSETCATALOG_COMPILER_GLOBAL_ACCENT_COLOR_NAME = AccentColor;
				CODE_SIGN_STYLE = Automatic;
				CURRENT_PROJECT_VERSION = 1;
				DEVELOPMENT_ASSET_PATHS = "\"Deadline/Preview Content\"";
				DEVELOPMENT_TEAM = ZDB377YD39;
				ENABLE_PREVIEWS = YES;
				GENERATE_INFOPLIST_FILE = YES;
				INFOPLIST_KEY_UIApplicationSceneManifest_Generation = YES;
				INFOPLIST_KEY_UIApplicationSupportsIndirectInputEvents = YES;
				INFOPLIST_KEY_UILaunchScreen_Generation = YES;
				INFOPLIST_KEY_UISupportedInterfaceOrientations_iPad = "UIInterfaceOrientationPortrait UIInterfaceOrientationPortraitUpsideDown UIInterfaceOrientationLandscapeLeft UIInterfaceOrientationLandscapeRight";
				INFOPLIST_KEY_UISupportedInterfaceOrientations_iPhone = "UIInterfaceOrientationPortrait UIInterfaceOrientationLandscapeLeft UIInterfaceOrientationLandscapeRight";
				LD_RUNPATH_SEARCH_PATHS = (
					"$(inherited)",
					"@executable_path/Frameworks",
				);
				MARKETING_VERSION = 1.0;
				PRODUCT_BUNDLE_IDENTIFIER = com.MatthewSeah.Lifelines;
				PRODUCT_NAME = Lifelines;
				SWIFT_EMIT_LOC_STRINGS = YES;
				SWIFT_VERSION = 5.0;
				TARGETED_DEVICE_FAMILY = 1;
			};
			name = Release;
		};
		BCAA610029BA3B5500A2D960 /* Debug */ = {
			isa = XCBuildConfiguration;
			buildSettings = {
				ASSETCATALOG_COMPILER_GLOBAL_ACCENT_COLOR_NAME = AccentColor;
				ASSETCATALOG_COMPILER_WIDGET_BACKGROUND_COLOR_NAME = WidgetBackground;
				CODE_SIGN_STYLE = Automatic;
				CURRENT_PROJECT_VERSION = 1;
				DEVELOPMENT_TEAM = ZDB377YD39;
				GENERATE_INFOPLIST_FILE = YES;
				INFOPLIST_FILE = LifelinesWidget/Info.plist;
				INFOPLIST_KEY_CFBundleDisplayName = LifelinesWidget;
				INFOPLIST_KEY_NSHumanReadableCopyright = "";
				LD_RUNPATH_SEARCH_PATHS = (
					"$(inherited)",
					"@executable_path/Frameworks",
					"@executable_path/../../Frameworks",
				);
				MARKETING_VERSION = 1.0;
				PRODUCT_BUNDLE_IDENTIFIER = com.MatthewSeah.Deadline.LifelinesWidget;
				PRODUCT_NAME = "$(TARGET_NAME)";
				SKIP_INSTALL = YES;
				SWIFT_EMIT_LOC_STRINGS = YES;
				SWIFT_VERSION = 5.0;
				TARGETED_DEVICE_FAMILY = "1,2";
			};
			name = Debug;
		};
		BCAA610129BA3B5500A2D960 /* Release */ = {
			isa = XCBuildConfiguration;
			buildSettings = {
				ASSETCATALOG_COMPILER_GLOBAL_ACCENT_COLOR_NAME = AccentColor;
				ASSETCATALOG_COMPILER_WIDGET_BACKGROUND_COLOR_NAME = WidgetBackground;
				CODE_SIGN_STYLE = Automatic;
				CURRENT_PROJECT_VERSION = 1;
				DEVELOPMENT_TEAM = ZDB377YD39;
				GENERATE_INFOPLIST_FILE = YES;
				INFOPLIST_FILE = LifelinesWidget/Info.plist;
				INFOPLIST_KEY_CFBundleDisplayName = LifelinesWidget;
				INFOPLIST_KEY_NSHumanReadableCopyright = "";
				LD_RUNPATH_SEARCH_PATHS = (
					"$(inherited)",
					"@executable_path/Frameworks",
					"@executable_path/../../Frameworks",
				);
				MARKETING_VERSION = 1.0;
				PRODUCT_BUNDLE_IDENTIFIER = com.MatthewSeah.Deadline.LifelinesWidget;
				PRODUCT_NAME = "$(TARGET_NAME)";
				SKIP_INSTALL = YES;
				SWIFT_EMIT_LOC_STRINGS = YES;
				SWIFT_VERSION = 5.0;
				TARGETED_DEVICE_FAMILY = "1,2";
			};
			name = Release;
		};
/* End XCBuildConfiguration section */

/* Begin XCConfigurationList section */
		BC2EBCB62973C0FC0011F132 /* Build configuration list for PBXProject "Lifelines" */ = {
			isa = XCConfigurationList;
			buildConfigurations = (
				BC2EBCC72973C0FF0011F132 /* Debug */,
				BC2EBCC82973C0FF0011F132 /* Release */,
			);
			defaultConfigurationIsVisible = 0;
			defaultConfigurationName = Release;
		};
		BC2EBCC92973C0FF0011F132 /* Build configuration list for PBXNativeTarget "Lifelines" */ = {
			isa = XCConfigurationList;
			buildConfigurations = (
				BC2EBCCA2973C0FF0011F132 /* Debug */,
				BC2EBCCB2973C0FF0011F132 /* Release */,
			);
			defaultConfigurationIsVisible = 0;
			defaultConfigurationName = Release;
		};
		BCAA610229BA3B5500A2D960 /* Build configuration list for PBXNativeTarget "LifelinesWidgetExtension" */ = {
			isa = XCConfigurationList;
			buildConfigurations = (
				BCAA610029BA3B5500A2D960 /* Debug */,
				BCAA610129BA3B5500A2D960 /* Release */,
			);
			defaultConfigurationIsVisible = 0;
			defaultConfigurationName = Release;
		};
/* End XCConfigurationList section */
	};
	rootObject = BC2EBCB32973C0FC0011F132 /* Project object */;
}
